GITHUBTARBALL
  remote: boxelly/puppet-appcleaner
  specs:
    appcleaner (2.0.0)

GITHUBTARBALL
  remote: boxelly/puppet-bitcasa
  specs:
    bitcasa (2.0.0)

GITHUBTARBALL
  remote: boxen/puppet-adobe_reader
  specs:
    adobe_reader (1.1.0)

GITHUBTARBALL
  remote: boxen/puppet-boxen
  specs:
    boxen (3.3.4)

GITHUBTARBALL
  remote: boxen/puppet-chrome
  specs:
    chrome (1.1.1)

GITHUBTARBALL
  remote: boxen/puppet-cyberduck
  specs:
    cyberduck (1.0.1)

GITHUBTARBALL
  remote: boxen/puppet-dnsmasq
  specs:
    dnsmasq (1.0.0)

GITHUBTARBALL
  remote: boxen/puppet-dropbox
  specs:
    dropbox (1.1.1)

GITHUBTARBALL
  remote: boxen/puppet-evernote
  specs:
    evernote (2.0.4)

GITHUBTARBALL
  remote: boxen/puppet-firefox
  specs:
    firefox (1.1.4)

GITHUBTARBALL
  remote: boxen/puppet-foreman
  specs:
    foreman (1.0.0)

GITHUBTARBALL
  remote: boxen/puppet-gcc
  specs:
    gcc (2.0.1)

GITHUBTARBALL
  remote: boxen/puppet-gimp
  specs:
    gimp (1.0.0)

GITHUBTARBALL
  remote: boxen/puppet-git
  specs:
    git (1.2.5)

GITHUBTARBALL
  remote: boxen/puppet-github_for_mac
  specs:
    github_for_mac (1.0.1)

GITHUBTARBALL
  remote: boxen/puppet-go
  specs:
    go (1.0.0)

GITHUBTARBALL
  remote: boxen/puppet-handbrake
  specs:
    handbrake (1.0.1)

GITHUBTARBALL
  remote: boxen/puppet-heroku
  specs:
    heroku (2.0.0)

GITHUBTARBALL
  remote: boxen/puppet-homebrew
  specs:
    homebrew (1.5.1)

GITHUBTARBALL
  remote: boxen/puppet-hub
  specs:
    hub (1.0.3)

GITHUBTARBALL
  remote: boxen/puppet-imageoptim
  specs:
    imageoptim (0.0.2)

GITHUBTARBALL
  remote: boxen/puppet-inkscape
  specs:
    inkscape (1.0.3)

GITHUBTARBALL
  remote: boxen/puppet-java
  specs:
    java (1.1.2)

GITHUBTARBALL
  remote: boxen/puppet-keepassx
  specs:
    keepassx (1.0.0)

GITHUBTARBALL
  remote: boxen/puppet-mplayerx
  specs:
    mplayerx (1.0.1)

GITHUBTARBALL
  remote: boxen/puppet-nginx
  specs:
    nginx (1.4.2)

GITHUBTARBALL
  remote: boxen/puppet-nodejs
  specs:
    nodejs (3.3.0)

GITHUBTARBALL
  remote: boxen/puppet-openssl
  specs:
    openssl (1.0.0)

GITHUBTARBALL
  remote: boxen/puppet-osx
  specs:
    osx (1.6.0)

GITHUBTARBALL
  remote: boxen/puppet-pgadmin3
  specs:
    pgadmin3 (1.0.0)

GITHUBTARBALL
  remote: boxen/puppet-phantomjs
  specs:
    phantomjs (2.0.2)

GITHUBTARBALL
  remote: boxen/puppet-pkgconfig
  specs:
    pkgconfig (1.0.0)

GITHUBTARBALL
  remote: boxen/puppet-postgresapp
  specs:
    postgresapp (1.0.0)

GITHUBTARBALL
  remote: boxen/puppet-repository
  specs:
    repository (2.2.0)

GITHUBTARBALL
  remote: boxen/puppet-ruby
  specs:
    ruby (6.7.2)

GITHUBTARBALL
  remote: boxen/puppet-sequel_pro
  specs:
    sequel_pro (1.0.1)

GITHUBTARBALL
  remote: boxen/puppet-skitch
  specs:
    skitch (1.0.2)

GITHUBTARBALL
  remote: boxen/puppet-skype
  specs:
    skype (1.0.6)

GITHUBTARBALL
  remote: boxen/puppet-sourcetree
  specs:
    sourcetree (1.0.0)

GITHUBTARBALL
  remote: boxen/puppet-sudo
  specs:
    sudo (1.0.0)

GITHUBTARBALL
  remote: boxen/puppet-vagrant
  specs:
    vagrant (3.0.0)

GITHUBTARBALL
  remote: boxen/puppet-virtualbox
  specs:
    virtualbox (1.0.7)

GITHUBTARBALL
  remote: boxen/puppet-vlc
  specs:
    vlc (1.0.5)

GITHUBTARBALL
  remote: boxen/puppet-xquartz
  specs:
    xquartz (1.1.0)

GITHUBTARBALL
  remote: joshuairl/puppet-filezilla
  specs:
    filezilla (1.0.0)

GITHUBTARBALL
  remote: puppetlabs/puppetlabs-inifile
  specs:
    inifile (1.0.0)

GITHUBTARBALL
  remote: puppetlabs/puppetlabs-stdlib
  specs:
    stdlib (4.1.0)

GITHUBTARBALL
  remote: umi-uyura/puppet-libreoffice
  specs:
    libreoffice (4.1.3)

DEPENDENCIES
  adobe_reader (= 1.1.0)
  appcleaner (= 2.0.0)
  bitcasa (= 2.0.0)
  boxen (= 3.3.4)
  chrome (= 1.1.1)
  cyberduck (= 1.0.1)
  dnsmasq (= 1.0.0)
  dropbox (= 1.1.1)
  evernote (= 2.0.4)
  filezilla (= 1.0.0)
  firefox (= 1.1.4)
  foreman (= 1.0.0)
  gcc (= 2.0.1)
  gimp (= 1.0.0)
  git (= 1.2.5)
  github_for_mac (= 1.0.1)
  go (= 1.0.0)
  handbrake (= 1.0.1)
  heroku (= 2.0.0)
  homebrew (= 1.5.1)
  hub (= 1.0.3)
  imageoptim (= 0.0.2)
  inifile (= 1.0.0)
  inkscape (= 1.0.3)
  java (= 1.1.2)
  keepassx (= 1.0.0)
  libreoffice (= 4.1.3)
  mplayerx (= 1.0.1)
  nginx (= 1.4.2)
  nodejs (= 3.3.0)
  openssl (= 1.0.0)
  osx (= 1.6.0)
  pgadmin3 (= 1.0.0)
  phantomjs (= 2.0.2)
  pkgconfig (= 1.0.0)
  postgresapp (= 1.0.0)
  repository (= 2.2.0)
  ruby (= 6.7.2)
  sequel_pro (= 1.0.1)
  skitch (= 1.0.2)
  skype (= 1.0.6)
  sourcetree (= 1.0.0)
  stdlib (= 4.1.0)
  sudo (= 1.0.0)
  vagrant (= 3.0.0)
  virtualbox (= 1.0.7)
  vlc (= 1.0.5)
  xquartz (= 1.1.0)

